
Microsoft Visual Studio Solution File, Format Version 12.00
# Visual Studio Version 16
VisualStudioVersion = 16.0.30225.117
MinimumVisualStudioVersion = 10.0.40219.1
Project("{8BC9CEB8-8B4A-11D0-8D11-00A0C91BC942}") = "NumtoolsLib", "libs\NumtoolsLib\NumtoolsLib\NumtoolsLib.vcxproj", "{819FEA63-F517-4FC7-9BB1-448CA3C5FE56}"
EndProject
Project("{8BC9CEB8-8B4A-11D0-8D11-00A0C91BC942}") = "MPILib", "libs\MPILib\MPILib\MPILib.vcxproj", "{8DE3BDD2-74DE-4B66-97E3-E65057A3A2D4}"
	ProjectSection(ProjectDependencies) = postProject
		{819FEA63-F517-4FC7-9BB1-448CA3C5FE56} = {819FEA63-F517-4FC7-9BB1-448CA3C5FE56}
		{42C953F0-EAFC-49F8-99BB-83CDEFC5BFC3} = {42C953F0-EAFC-49F8-99BB-83CDEFC5BFC3}
	EndProjectSection
EndProject
Project("{8BC9CEB8-8B4A-11D0-8D11-00A0C91BC942}") = "GeomLib", "libs\GeomLib\GeomLib\GeomLib.vcxproj", "{42C953F0-EAFC-49F8-99BB-83CDEFC5BFC3}"
	ProjectSection(ProjectDependencies) = postProject
		{819FEA63-F517-4FC7-9BB1-448CA3C5FE56} = {819FEA63-F517-4FC7-9BB1-448CA3C5FE56}
	EndProjectSection
EndProject
Project("{8BC9CEB8-8B4A-11D0-8D11-00A0C91BC942}") = "TwoDLib", "libs\TwoDLib\TwoDLib\TwoDLib.vcxproj", "{153B580C-54CE-4B3C-8E0C-F946456F478C}"
	ProjectSection(ProjectDependencies) = postProject
		{819FEA63-F517-4FC7-9BB1-448CA3C5FE56} = {819FEA63-F517-4FC7-9BB1-448CA3C5FE56}
		{8DE3BDD2-74DE-4B66-97E3-E65057A3A2D4} = {8DE3BDD2-74DE-4B66-97E3-E65057A3A2D4}
		{42C953F0-EAFC-49F8-99BB-83CDEFC5BFC3} = {42C953F0-EAFC-49F8-99BB-83CDEFC5BFC3}
	EndProjectSection
EndProject
Project("{8BC9CEB8-8B4A-11D0-8D11-00A0C91BC942}") = "CudaTwoDLib", "libs\CudaTwoDLib\CudaTwoDLib\CudaTwoDLib\CudaTwoDLib.vcxproj", "{3DB8A04F-0364-4BB6-9C80-21C821FECE74}"
	ProjectSection(ProjectDependencies) = postProject
		{153B580C-54CE-4B3C-8E0C-F946456F478C} = {153B580C-54CE-4B3C-8E0C-F946456F478C}
		{819FEA63-F517-4FC7-9BB1-448CA3C5FE56} = {819FEA63-F517-4FC7-9BB1-448CA3C5FE56}
		{8DE3BDD2-74DE-4B66-97E3-E65057A3A2D4} = {8DE3BDD2-74DE-4B66-97E3-E65057A3A2D4}
		{42C953F0-EAFC-49F8-99BB-83CDEFC5BFC3} = {42C953F0-EAFC-49F8-99BB-83CDEFC5BFC3}
	EndProjectSection
EndProject
Project("{8BC9CEB8-8B4A-11D0-8D11-00A0C91BC942}") = "MiindLib", "libs\MiindLib\MiindLib\MiindLib.vcxproj", "{5B9CFE74-7B20-4AB0-AEC6-9EE9809C29D9}"
	ProjectSection(ProjectDependencies) = postProject
		{153B580C-54CE-4B3C-8E0C-F946456F478C} = {153B580C-54CE-4B3C-8E0C-F946456F478C}
		{3DB8A04F-0364-4BB6-9C80-21C821FECE74} = {3DB8A04F-0364-4BB6-9C80-21C821FECE74}
		{819FEA63-F517-4FC7-9BB1-448CA3C5FE56} = {819FEA63-F517-4FC7-9BB1-448CA3C5FE56}
		{8DE3BDD2-74DE-4B66-97E3-E65057A3A2D4} = {8DE3BDD2-74DE-4B66-97E3-E65057A3A2D4}
		{42C953F0-EAFC-49F8-99BB-83CDEFC5BFC3} = {42C953F0-EAFC-49F8-99BB-83CDEFC5BFC3}
	EndProjectSection
EndProject
Project("{8BC9CEB8-8B4A-11D0-8D11-00A0C91BC942}") = "PopulationExample", "apps\BasicDemos\PopulationExample\PopulationExample.vcxproj", "{43C33448-89B0-4E2A-B009-81CB687AF4DC}"
	ProjectSection(ProjectDependencies) = postProject
		{153B580C-54CE-4B3C-8E0C-F946456F478C} = {153B580C-54CE-4B3C-8E0C-F946456F478C}
		{3DB8A04F-0364-4BB6-9C80-21C821FECE74} = {3DB8A04F-0364-4BB6-9C80-21C821FECE74}
		{819FEA63-F517-4FC7-9BB1-448CA3C5FE56} = {819FEA63-F517-4FC7-9BB1-448CA3C5FE56}
		{5B9CFE74-7B20-4AB0-AEC6-9EE9809C29D9} = {5B9CFE74-7B20-4AB0-AEC6-9EE9809C29D9}
		{8DE3BDD2-74DE-4B66-97E3-E65057A3A2D4} = {8DE3BDD2-74DE-4B66-97E3-E65057A3A2D4}
		{42C953F0-EAFC-49F8-99BB-83CDEFC5BFC3} = {42C953F0-EAFC-49F8-99BB-83CDEFC5BFC3}
	EndProjectSection
EndProject
Project("{8BC9CEB8-8B4A-11D0-8D11-00A0C91BC942}") = "WilsonCowan", "apps\BasicDemos\BasicDemos\WilsonCowan\WilsonCowan.vcxproj", "{8FA6ED01-F8BE-46BA-ADE4-DFDEFF3A4693}"
	ProjectSection(ProjectDependencies) = postProject
		{153B580C-54CE-4B3C-8E0C-F946456F478C} = {153B580C-54CE-4B3C-8E0C-F946456F478C}
		{3DB8A04F-0364-4BB6-9C80-21C821FECE74} = {3DB8A04F-0364-4BB6-9C80-21C821FECE74}
		{819FEA63-F517-4FC7-9BB1-448CA3C5FE56} = {819FEA63-F517-4FC7-9BB1-448CA3C5FE56}
		{5B9CFE74-7B20-4AB0-AEC6-9EE9809C29D9} = {5B9CFE74-7B20-4AB0-AEC6-9EE9809C29D9}
		{8DE3BDD2-74DE-4B66-97E3-E65057A3A2D4} = {8DE3BDD2-74DE-4B66-97E3-E65057A3A2D4}
		{42C953F0-EAFC-49F8-99BB-83CDEFC5BFC3} = {42C953F0-EAFC-49F8-99BB-83CDEFC5BFC3}
	EndProjectSection
EndProject
Project("{8BC9CEB8-8B4A-11D0-8D11-00A0C91BC942}") = "WinMiind", "apps\WinMiind\WinMiind.vcxproj", "{B2F11866-91BF-4FBA-B163-C1091F38C552}"
	ProjectSection(ProjectDependencies) = postProject
		{153B580C-54CE-4B3C-8E0C-F946456F478C} = {153B580C-54CE-4B3C-8E0C-F946456F478C}
		{3DB8A04F-0364-4BB6-9C80-21C821FECE74} = {3DB8A04F-0364-4BB6-9C80-21C821FECE74}
		{819FEA63-F517-4FC7-9BB1-448CA3C5FE56} = {819FEA63-F517-4FC7-9BB1-448CA3C5FE56}
		{5B9CFE74-7B20-4AB0-AEC6-9EE9809C29D9} = {5B9CFE74-7B20-4AB0-AEC6-9EE9809C29D9}
		{8DE3BDD2-74DE-4B66-97E3-E65057A3A2D4} = {8DE3BDD2-74DE-4B66-97E3-E65057A3A2D4}
		{42C953F0-EAFC-49F8-99BB-83CDEFC5BFC3} = {42C953F0-EAFC-49F8-99BB-83CDEFC5BFC3}
	EndProjectSection
EndProject
Project("{8BC9CEB8-8B4A-11D0-8D11-00A0C91BC942}") = "WinMiindCuda", "apps\WinMiindCuda\WinMiindCuda.vcxproj", "{A4EC4B96-5144-4A1A-B13D-8EC1CF264308}"
	ProjectSection(ProjectDependencies) = postProject
		{153B580C-54CE-4B3C-8E0C-F946456F478C} = {153B580C-54CE-4B3C-8E0C-F946456F478C}
		{3DB8A04F-0364-4BB6-9C80-21C821FECE74} = {3DB8A04F-0364-4BB6-9C80-21C821FECE74}
		{819FEA63-F517-4FC7-9BB1-448CA3C5FE56} = {819FEA63-F517-4FC7-9BB1-448CA3C5FE56}
		{5B9CFE74-7B20-4AB0-AEC6-9EE9809C29D9} = {5B9CFE74-7B20-4AB0-AEC6-9EE9809C29D9}
		{8DE3BDD2-74DE-4B66-97E3-E65057A3A2D4} = {8DE3BDD2-74DE-4B66-97E3-E65057A3A2D4}
		{42C953F0-EAFC-49F8-99BB-83CDEFC5BFC3} = {42C953F0-EAFC-49F8-99BB-83CDEFC5BFC3}
	EndProjectSection
EndProject
Project("{8BC9CEB8-8B4A-11D0-8D11-00A0C91BC942}") = "WinMiindPython", "libs\WinMiindPython\WinMiindPython.vcxproj", "{3E81F398-E631-479A-87E9-768B1252F30D}"
EndProject
Project("{8BC9CEB8-8B4A-11D0-8D11-00A0C91BC942}") = "WinMiindLib", "libs\WinMiindLib\WinMiindLib.vcxproj", "{805B0FFB-BC87-4734-A5D0-A1813C1A39D8}"
EndProject
Project("{888888A0-9F3D-457C-B088-3A5042F75D52}") = "WinMiindPythonExample", "examples\WinMiindPythonExample\WinMiindPythonExample.pyproj", "{31598272-21AE-4B2B-8284-944C7321D04E}"
EndProject
Project("{8BC9CEB8-8B4A-11D0-8D11-00A0C91BC942}") = "module2", "module2\module2.vcxproj", "{F731CB97-5DA4-4020-95D1-CEF850320CFF}"
EndProject
Global
	GlobalSection(SolutionConfigurationPlatforms) = preSolution
		Debug|Any CPU = Debug|Any CPU
		Debug|x64 = Debug|x64
		Debug|x86 = Debug|x86
		Release|Any CPU = Release|Any CPU
		Release|x64 = Release|x64
		Release|x86 = Release|x86
	EndGlobalSection
	GlobalSection(ProjectConfigurationPlatforms) = postSolution
		{819FEA63-F517-4FC7-9BB1-448CA3C5FE56}.Debug|Any CPU.ActiveCfg = Debug|Win32
		{819FEA63-F517-4FC7-9BB1-448CA3C5FE56}.Debug|x64.ActiveCfg = Debug|x64
		{819FEA63-F517-4FC7-9BB1-448CA3C5FE56}.Debug|x64.Build.0 = Debug|x64
		{819FEA63-F517-4FC7-9BB1-448CA3C5FE56}.Debug|x86.ActiveCfg = Debug|Win32
		{819FEA63-F517-4FC7-9BB1-448CA3C5FE56}.Debug|x86.Build.0 = Debug|Win32
		{819FEA63-F517-4FC7-9BB1-448CA3C5FE56}.Release|Any CPU.ActiveCfg = Release|Win32
		{819FEA63-F517-4FC7-9BB1-448CA3C5FE56}.Release|x64.ActiveCfg = Release|x64
		{819FEA63-F517-4FC7-9BB1-448CA3C5FE56}.Release|x64.Build.0 = Release|x64
		{819FEA63-F517-4FC7-9BB1-448CA3C5FE56}.Release|x86.ActiveCfg = Release|Win32
		{819FEA63-F517-4FC7-9BB1-448CA3C5FE56}.Release|x86.Build.0 = Release|Win32
		{8DE3BDD2-74DE-4B66-97E3-E65057A3A2D4}.Debug|Any CPU.ActiveCfg = Debug|Win32
		{8DE3BDD2-74DE-4B66-97E3-E65057A3A2D4}.Debug|x64.ActiveCfg = Debug|x64
		{8DE3BDD2-74DE-4B66-97E3-E65057A3A2D4}.Debug|x64.Build.0 = Debug|x64
		{8DE3BDD2-74DE-4B66-97E3-E65057A3A2D4}.Debug|x86.ActiveCfg = Debug|Win32
		{8DE3BDD2-74DE-4B66-97E3-E65057A3A2D4}.Debug|x86.Build.0 = Debug|Win32
		{8DE3BDD2-74DE-4B66-97E3-E65057A3A2D4}.Release|Any CPU.ActiveCfg = Release|Win32
		{8DE3BDD2-74DE-4B66-97E3-E65057A3A2D4}.Release|x64.ActiveCfg = Release|x64
		{8DE3BDD2-74DE-4B66-97E3-E65057A3A2D4}.Release|x64.Build.0 = Release|x64
		{8DE3BDD2-74DE-4B66-97E3-E65057A3A2D4}.Release|x86.ActiveCfg = Release|Win32
		{8DE3BDD2-74DE-4B66-97E3-E65057A3A2D4}.Release|x86.Build.0 = Release|Win32
		{42C953F0-EAFC-49F8-99BB-83CDEFC5BFC3}.Debug|Any CPU.ActiveCfg = Debug|Win32
		{42C953F0-EAFC-49F8-99BB-83CDEFC5BFC3}.Debug|x64.ActiveCfg = Debug|x64
		{42C953F0-EAFC-49F8-99BB-83CDEFC5BFC3}.Debug|x64.Build.0 = Debug|x64
		{42C953F0-EAFC-49F8-99BB-83CDEFC5BFC3}.Debug|x86.ActiveCfg = Debug|Win32
		{42C953F0-EAFC-49F8-99BB-83CDEFC5BFC3}.Debug|x86.Build.0 = Debug|Win32
		{42C953F0-EAFC-49F8-99BB-83CDEFC5BFC3}.Release|Any CPU.ActiveCfg = Release|Win32
		{42C953F0-EAFC-49F8-99BB-83CDEFC5BFC3}.Release|x64.ActiveCfg = Release|x64
		{42C953F0-EAFC-49F8-99BB-83CDEFC5BFC3}.Release|x64.Build.0 = Release|x64
		{42C953F0-EAFC-49F8-99BB-83CDEFC5BFC3}.Release|x86.ActiveCfg = Release|Win32
		{42C953F0-EAFC-49F8-99BB-83CDEFC5BFC3}.Release|x86.Build.0 = Release|Win32
		{153B580C-54CE-4B3C-8E0C-F946456F478C}.Debug|Any CPU.ActiveCfg = Debug|Win32
		{153B580C-54CE-4B3C-8E0C-F946456F478C}.Debug|x64.ActiveCfg = Debug|x64
		{153B580C-54CE-4B3C-8E0C-F946456F478C}.Debug|x64.Build.0 = Debug|x64
		{153B580C-54CE-4B3C-8E0C-F946456F478C}.Debug|x86.ActiveCfg = Debug|Win32
		{153B580C-54CE-4B3C-8E0C-F946456F478C}.Debug|x86.Build.0 = Debug|Win32
		{153B580C-54CE-4B3C-8E0C-F946456F478C}.Release|Any CPU.ActiveCfg = Release|Win32
		{153B580C-54CE-4B3C-8E0C-F946456F478C}.Release|x64.ActiveCfg = Release|x64
		{153B580C-54CE-4B3C-8E0C-F946456F478C}.Release|x64.Build.0 = Release|x64
		{153B580C-54CE-4B3C-8E0C-F946456F478C}.Release|x86.ActiveCfg = Release|Win32
		{153B580C-54CE-4B3C-8E0C-F946456F478C}.Release|x86.Build.0 = Release|Win32
		{3DB8A04F-0364-4BB6-9C80-21C821FECE74}.Debug|Any CPU.ActiveCfg = Debug|x64
		{3DB8A04F-0364-4BB6-9C80-21C821FECE74}.Debug|x64.ActiveCfg = Debug|x64
		{3DB8A04F-0364-4BB6-9C80-21C821FECE74}.Debug|x64.Build.0 = Debug|x64
		{3DB8A04F-0364-4BB6-9C80-21C821FECE74}.Debug|x86.ActiveCfg = Debug|x64
		{3DB8A04F-0364-4BB6-9C80-21C821FECE74}.Release|Any CPU.ActiveCfg = Release|x64
		{3DB8A04F-0364-4BB6-9C80-21C821FECE74}.Release|x64.ActiveCfg = Release|x64
		{3DB8A04F-0364-4BB6-9C80-21C821FECE74}.Release|x64.Build.0 = Release|x64
		{3DB8A04F-0364-4BB6-9C80-21C821FECE74}.Release|x86.ActiveCfg = Release|x64
		{5B9CFE74-7B20-4AB0-AEC6-9EE9809C29D9}.Debug|Any CPU.ActiveCfg = Debug|x64
		{5B9CFE74-7B20-4AB0-AEC6-9EE9809C29D9}.Debug|x64.ActiveCfg = Debug|x64
		{5B9CFE74-7B20-4AB0-AEC6-9EE9809C29D9}.Debug|x64.Build.0 = Debug|x64
		{5B9CFE74-7B20-4AB0-AEC6-9EE9809C29D9}.Debug|x86.ActiveCfg = Debug|x64
		{5B9CFE74-7B20-4AB0-AEC6-9EE9809C29D9}.Release|Any CPU.ActiveCfg = Release|x64
		{5B9CFE74-7B20-4AB0-AEC6-9EE9809C29D9}.Release|x64.ActiveCfg = Release|x64
		{5B9CFE74-7B20-4AB0-AEC6-9EE9809C29D9}.Release|x64.Build.0 = Release|x64
		{5B9CFE74-7B20-4AB0-AEC6-9EE9809C29D9}.Release|x86.ActiveCfg = Release|x64
		{43C33448-89B0-4E2A-B009-81CB687AF4DC}.Debug|Any CPU.ActiveCfg = Debug|Win32
		{43C33448-89B0-4E2A-B009-81CB687AF4DC}.Debug|x64.ActiveCfg = Debug|x64
		{43C33448-89B0-4E2A-B009-81CB687AF4DC}.Debug|x64.Build.0 = Debug|x64
		{43C33448-89B0-4E2A-B009-81CB687AF4DC}.Debug|x86.ActiveCfg = Debug|Win32
		{43C33448-89B0-4E2A-B009-81CB687AF4DC}.Debug|x86.Build.0 = Debug|Win32
		{43C33448-89B0-4E2A-B009-81CB687AF4DC}.Release|Any CPU.ActiveCfg = Release|Win32
		{43C33448-89B0-4E2A-B009-81CB687AF4DC}.Release|x64.ActiveCfg = Release|x64
		{43C33448-89B0-4E2A-B009-81CB687AF4DC}.Release|x64.Build.0 = Release|x64
		{43C33448-89B0-4E2A-B009-81CB687AF4DC}.Release|x86.ActiveCfg = Release|Win32
		{43C33448-89B0-4E2A-B009-81CB687AF4DC}.Release|x86.Build.0 = Release|Win32
		{8FA6ED01-F8BE-46BA-ADE4-DFDEFF3A4693}.Debug|Any CPU.ActiveCfg = Debug|Win32
		{8FA6ED01-F8BE-46BA-ADE4-DFDEFF3A4693}.Debug|x64.ActiveCfg = Debug|x64
		{8FA6ED01-F8BE-46BA-ADE4-DFDEFF3A4693}.Debug|x64.Build.0 = Debug|x64
		{8FA6ED01-F8BE-46BA-ADE4-DFDEFF3A4693}.Debug|x86.ActiveCfg = Debug|Win32
		{8FA6ED01-F8BE-46BA-ADE4-DFDEFF3A4693}.Debug|x86.Build.0 = Debug|Win32
		{8FA6ED01-F8BE-46BA-ADE4-DFDEFF3A4693}.Release|Any CPU.ActiveCfg = Release|Win32
		{8FA6ED01-F8BE-46BA-ADE4-DFDEFF3A4693}.Release|x64.ActiveCfg = Release|x64
		{8FA6ED01-F8BE-46BA-ADE4-DFDEFF3A4693}.Release|x64.Build.0 = Release|x64
		{8FA6ED01-F8BE-46BA-ADE4-DFDEFF3A4693}.Release|x86.ActiveCfg = Release|Win32
		{8FA6ED01-F8BE-46BA-ADE4-DFDEFF3A4693}.Release|x86.Build.0 = Release|Win32
		{B2F11866-91BF-4FBA-B163-C1091F38C552}.Debug|Any CPU.ActiveCfg = Debug|Win32
		{B2F11866-91BF-4FBA-B163-C1091F38C552}.Debug|x64.ActiveCfg = Debug|x64
		{B2F11866-91BF-4FBA-B163-C1091F38C552}.Debug|x64.Build.0 = Debug|x64
		{B2F11866-91BF-4FBA-B163-C1091F38C552}.Debug|x86.ActiveCfg = Debug|Win32
		{B2F11866-91BF-4FBA-B163-C1091F38C552}.Debug|x86.Build.0 = Debug|Win32
		{B2F11866-91BF-4FBA-B163-C1091F38C552}.Release|Any CPU.ActiveCfg = Release|Win32
		{B2F11866-91BF-4FBA-B163-C1091F38C552}.Release|x64.ActiveCfg = Release|x64
		{B2F11866-91BF-4FBA-B163-C1091F38C552}.Release|x64.Build.0 = Release|x64
		{B2F11866-91BF-4FBA-B163-C1091F38C552}.Release|x86.ActiveCfg = Release|Win32
		{B2F11866-91BF-4FBA-B163-C1091F38C552}.Release|x86.Build.0 = Release|Win32
		{A4EC4B96-5144-4A1A-B13D-8EC1CF264308}.Debug|Any CPU.ActiveCfg = Debug|x64
		{A4EC4B96-5144-4A1A-B13D-8EC1CF264308}.Debug|x64.ActiveCfg = Debug|x64
		{A4EC4B96-5144-4A1A-B13D-8EC1CF264308}.Debug|x64.Build.0 = Debug|x64
		{A4EC4B96-5144-4A1A-B13D-8EC1CF264308}.Debug|x86.ActiveCfg = Debug|x64
		{A4EC4B96-5144-4A1A-B13D-8EC1CF264308}.Release|Any CPU.ActiveCfg = Release|x64
		{A4EC4B96-5144-4A1A-B13D-8EC1CF264308}.Release|x64.ActiveCfg = Release|x64
		{A4EC4B96-5144-4A1A-B13D-8EC1CF264308}.Release|x64.Build.0 = Release|x64
		{A4EC4B96-5144-4A1A-B13D-8EC1CF264308}.Release|x86.ActiveCfg = Release|x64
		{3E81F398-E631-479A-87E9-768B1252F30D}.Debug|Any CPU.ActiveCfg = Debug|Win32
		{3E81F398-E631-479A-87E9-768B1252F30D}.Debug|x64.ActiveCfg = Debug|x64
		{3E81F398-E631-479A-87E9-768B1252F30D}.Debug|x64.Build.0 = Debug|x64
		{3E81F398-E631-479A-87E9-768B1252F30D}.Debug|x86.ActiveCfg = Debug|Win32
		{3E81F398-E631-479A-87E9-768B1252F30D}.Debug|x86.Build.0 = Debug|Win32
		{3E81F398-E631-479A-87E9-768B1252F30D}.Release|Any CPU.ActiveCfg = Release|Win32
		{3E81F398-E631-479A-87E9-768B1252F30D}.Release|x64.ActiveCfg = Release|x64
		{3E81F398-E631-479A-87E9-768B1252F30D}.Release|x64.Build.0 = Release|x64
		{3E81F398-E631-479A-87E9-768B1252F30D}.Release|x86.ActiveCfg = Release|Win32
		{3E81F398-E631-479A-87E9-768B1252F30D}.Release|x86.Build.0 = Release|Win32
		{805B0FFB-BC87-4734-A5D0-A1813C1A39D8}.Debug|Any CPU.ActiveCfg = Debug|Win32
		{805B0FFB-BC87-4734-A5D0-A1813C1A39D8}.Debug|x64.ActiveCfg = Debug|x64
		{805B0FFB-BC87-4734-A5D0-A1813C1A39D8}.Debug|x64.Build.0 = Debug|x64
		{805B0FFB-BC87-4734-A5D0-A1813C1A39D8}.Debug|x86.ActiveCfg = Debug|Win32
		{805B0FFB-BC87-4734-A5D0-A1813C1A39D8}.Debug|x86.Build.0 = Debug|Win32
		{805B0FFB-BC87-4734-A5D0-A1813C1A39D8}.Release|Any CPU.ActiveCfg = Release|Win32
		{805B0FFB-BC87-4734-A5D0-A1813C1A39D8}.Release|x64.ActiveCfg = Release|x64
		{805B0FFB-BC87-4734-A5D0-A1813C1A39D8}.Release|x64.Build.0 = Release|x64
		{805B0FFB-BC87-4734-A5D0-A1813C1A39D8}.Release|x86.ActiveCfg = Release|Win32
		{805B0FFB-BC87-4734-A5D0-A1813C1A39D8}.Release|x86.Build.0 = Release|Win32
		{31598272-21AE-4B2B-8284-944C7321D04E}.Debug|Any CPU.ActiveCfg = Debug|Any CPU
		{31598272-21AE-4B2B-8284-944C7321D04E}.Debug|x64.ActiveCfg = Debug|Any CPU
		{31598272-21AE-4B2B-8284-944C7321D04E}.Debug|x86.ActiveCfg = Debug|Any CPU
		{31598272-21AE-4B2B-8284-944C7321D04E}.Release|Any CPU.ActiveCfg = Release|Any CPU
		{31598272-21AE-4B2B-8284-944C7321D04E}.Release|x64.ActiveCfg = Release|Any CPU
		{31598272-21AE-4B2B-8284-944C7321D04E}.Release|x86.ActiveCfg = Release|Any CPU
		{F731CB97-5DA4-4020-95D1-CEF850320CFF}.Debug|Any CPU.ActiveCfg = Debug|Win32
		{F731CB97-5DA4-4020-95D1-CEF850320CFF}.Debug|x64.ActiveCfg = Debug|x64
		{F731CB97-5DA4-4020-95D1-CEF850320CFF}.Debug|x64.Build.0 = Debug|x64
		{F731CB97-5DA4-4020-95D1-CEF850320CFF}.Debug|x86.ActiveCfg = Debug|Win32
		{F731CB97-5DA4-4020-95D1-CEF850320CFF}.Debug|x86.Build.0 = Debug|Win32
		{F731CB97-5DA4-4020-95D1-CEF850320CFF}.Release|Any CPU.ActiveCfg = Release|Win32
		{F731CB97-5DA4-4020-95D1-CEF850320CFF}.Release|x64.ActiveCfg = Release|x64
		{F731CB97-5DA4-4020-95D1-CEF850320CFF}.Release|x64.Build.0 = Release|x64
		{F731CB97-5DA4-4020-95D1-CEF850320CFF}.Release|x86.ActiveCfg = Release|Win32
		{F731CB97-5DA4-4020-95D1-CEF850320CFF}.Release|x86.Build.0 = Release|Win32
	EndGlobalSection
	GlobalSection(SolutionProperties) = preSolution
		HideSolutionNode = FALSE
	EndGlobalSection
	GlobalSection(ExtensibilityGlobals) = postSolution
		SolutionGuid = {D28C0E56-6014-40EE-B05E-26FFC3DF6B57}
	EndGlobalSection
EndGlobal
