<?xml version="1.0" encoding="utf-8"?>
<Project ToolsVersion="4.0" xmlns="http://schemas.microsoft.com/developer/msbuild/2003">
  <ItemGroup>
    <Filter Include="Source Files">
      <UniqueIdentifier>{4FC737F1-C7A5-4376-A066-2A32D752A2FF}</UniqueIdentifier>
      <Extensions>cpp;c;cc;cxx;c++;def;odl;idl;hpj;bat;asm;asmx</Extensions>
    </Filter>
    <Filter Include="Header Files">
      <UniqueIdentifier>{93995380-89BD-4b04-88EB-625FBE52EBFB}</UniqueIdentifier>
      <Extensions>h;hh;hpp;hxx;h++;hm;inl;inc;ipp;xsd</Extensions>
    </Filter>
    <Filter Include="Resource Files">
      <UniqueIdentifier>{67DA6AB6-F800-4c08-8B7A-83BB121AAD01}</UniqueIdentifier>
      <Extensions>rc;ico;cur;bmp;dlg;rc2;rct;bin;rgs;gif;jpg;jpeg;jpe;resx;tiff;tif;png;wav;mfcribbon-ms</Extensions>
    </Filter>
  </ItemGroup>
  <ItemGroup>
    <ClInclude Include="framework.h">
      <Filter>Header Files</Filter>
    </ClInclude>
    <ClInclude Include="..\Bin.hpp">
      <Filter>Header Files</Filter>
    </ClInclude>
    <ClInclude Include="..\Cell.hpp">
      <Filter>Header Files</Filter>
    </ClInclude>
    <ClInclude Include="..\CheckSystem.hpp">
      <Filter>Header Files</Filter>
    </ClInclude>
    <ClInclude Include="..\Coordinates.hpp">
      <Filter>Header Files</Filter>
    </ClInclude>
    <ClInclude Include="..\CSRAdapter.hpp">
      <Filter>Header Files</Filter>
    </ClInclude>
    <ClInclude Include="..\CSRMatrix.hpp">
      <Filter>Header Files</Filter>
    </ClInclude>
    <ClInclude Include="..\DensityAlgorithmInterface.hpp">
      <Filter>Header Files</Filter>
    </ClInclude>
    <ClInclude Include="..\display.hpp">
      <Filter>Header Files</Filter>
    </ClInclude>
    <ClInclude Include="..\Euler.hpp">
      <Filter>Header Files</Filter>
    </ClInclude>
    <ClInclude Include="..\Fid.hpp">
      <Filter>Header Files</Filter>
    </ClInclude>
    <ClInclude Include="..\FiducialElement.hpp">
      <Filter>Header Files</Filter>
    </ClInclude>
    <ClInclude Include="..\GridAlgorithm.hpp">
      <Filter>Header Files</Filter>
    </ClInclude>
    <ClInclude Include="..\GridAlgorithmCode.hpp">
      <Filter>Header Files</Filter>
    </ClInclude>
    <ClInclude Include="..\GridJumpAlgorithm.hpp">
      <Filter>Header Files</Filter>
    </ClInclude>
    <ClInclude Include="..\GridJumpAlgorithmCode.hpp">
      <Filter>Header Files</Filter>
    </ClInclude>
    <ClInclude Include="..\GridReport.hpp">
      <Filter>Header Files</Filter>
    </ClInclude>
    <ClInclude Include="..\GridSomaDendriteAlgorithm.hpp">
      <Filter>Header Files</Filter>
    </ClInclude>
    <ClInclude Include="..\GridSomaDendriteAlgorithmCode.hpp">
      <Filter>Header Files</Filter>
    </ClInclude>
    <ClInclude Include="..\InputCombination.hpp">
      <Filter>Header Files</Filter>
    </ClInclude>
    <ClInclude Include="..\kd.h">
      <Filter>Header Files</Filter>
    </ClInclude>
    <ClInclude Include="..\LineSegment.hpp">
      <Filter>Header Files</Filter>
    </ClInclude>
    <ClInclude Include="..\Master.hpp">
      <Filter>Header Files</Filter>
    </ClInclude>
    <ClInclude Include="..\MasterGrid.hpp">
      <Filter>Header Files</Filter>
    </ClInclude>
    <ClInclude Include="..\MasterGridJump.hpp">
      <Filter>Header Files</Filter>
    </ClInclude>
    <ClInclude Include="..\MasterGridSomaDendrite.hpp">
      <Filter>Header Files</Filter>
    </ClInclude>
    <ClInclude Include="..\MasterOdeint.hpp">
      <Filter>Header Files</Filter>
    </ClInclude>
    <ClInclude Include="..\MasterOMP.hpp">
      <Filter>Header Files</Filter>
    </ClInclude>
    <ClInclude Include="..\MasterParameter.hpp">
      <Filter>Header Files</Filter>
    </ClInclude>
    <ClInclude Include="..\Mesh.hpp">
      <Filter>Header Files</Filter>
    </ClInclude>
    <ClInclude Include="..\MeshAlgorithm.hpp">
      <Filter>Header Files</Filter>
    </ClInclude>
    <ClInclude Include="..\MeshAlgorithmCode.hpp">
      <Filter>Header Files</Filter>
    </ClInclude>
    <ClInclude Include="..\MeshAlgorithmCustom.hpp">
      <Filter>Header Files</Filter>
    </ClInclude>
    <ClInclude Include="..\MeshAlgorithmCustomCode.hpp">
      <Filter>Header Files</Filter>
    </ClInclude>
    <ClInclude Include="..\MeshTree.hpp">
      <Filter>Header Files</Filter>
    </ClInclude>
    <ClInclude Include="..\modulo.hpp">
      <Filter>Header Files</Filter>
    </ClInclude>
    <ClInclude Include="..\Ode2DSystem.hpp">
      <Filter>Header Files</Filter>
    </ClInclude>
    <ClInclude Include="..\Ode2DSystemGroup.hpp">
      <Filter>Header Files</Filter>
    </ClInclude>
    <ClInclude Include="..\Point.hpp">
      <Filter>Header Files</Filter>
    </ClInclude>
    <ClInclude Include="..\PolyGenerator.hpp">
      <Filter>Header Files</Filter>
    </ClInclude>
    <ClInclude Include="..\pugiconfig.hpp">
      <Filter>Header Files</Filter>
    </ClInclude>
    <ClInclude Include="..\pugixml.hpp">
      <Filter>Header Files</Filter>
    </ClInclude>
    <ClInclude Include="..\QuadGenerator.hpp">
      <Filter>Header Files</Filter>
    </ClInclude>
    <ClInclude Include="..\Quadrilateral.hpp">
      <Filter>Header Files</Filter>
    </ClInclude>
    <ClInclude Include="..\Redistribution.hpp">
      <Filter>Header Files</Filter>
    </ClInclude>
    <ClInclude Include="..\Stat.hpp">
      <Filter>Header Files</Filter>
    </ClInclude>
    <ClInclude Include="..\TransitionList.hpp">
      <Filter>Header Files</Filter>
    </ClInclude>
    <ClInclude Include="..\TransitionMatrix.hpp">
      <Filter>Header Files</Filter>
    </ClInclude>
    <ClInclude Include="..\TransitionMatrixGenerator.hpp">
      <Filter>Header Files</Filter>
    </ClInclude>
    <ClInclude Include="..\Triangle.hpp">
      <Filter>Header Files</Filter>
    </ClInclude>
    <ClInclude Include="..\TriangleGenerator.hpp">
      <Filter>Header Files</Filter>
    </ClInclude>
    <ClInclude Include="..\TwoDLib.hpp">
      <Filter>Header Files</Filter>
    </ClInclude>
    <ClInclude Include="..\TwoDLibException.hpp">
      <Filter>Header Files</Filter>
    </ClInclude>
    <ClInclude Include="..\Uniform.hpp">
      <Filter>Header Files</Filter>
    </ClInclude>
    <ClInclude Include="..\XML.hpp">
      <Filter>Header Files</Filter>
    </ClInclude>
  </ItemGroup>
  <ItemGroup>
    <ClCompile Include="TwoDLib.cpp">
      <Filter>Source Files</Filter>
    </ClCompile>
    <ClCompile Include="..\Cell.cpp">
      <Filter>Source Files</Filter>
    </ClCompile>
    <ClCompile Include="..\CheckSystem.cpp">
      <Filter>Source Files</Filter>
    </ClCompile>
    <ClCompile Include="..\CSRAdapter.cpp">
      <Filter>Source Files</Filter>
    </ClCompile>
    <ClCompile Include="..\CSRMatrix.cpp">
      <Filter>Source Files</Filter>
    </ClCompile>
    <ClCompile Include="..\display.cpp">
      <Filter>Source Files</Filter>
    </ClCompile>
    <ClCompile Include="..\Euler.cpp">
      <Filter>Source Files</Filter>
    </ClCompile>
    <ClCompile Include="..\Fid.cpp">
      <Filter>Source Files</Filter>
    </ClCompile>
    <ClCompile Include="..\glew.c">
      <Filter>Source Files</Filter>
    </ClCompile>
    <ClCompile Include="..\kd.cpp">
      <Filter>Source Files</Filter>
    </ClCompile>
    <ClCompile Include="..\LineSegment.cpp">
      <Filter>Source Files</Filter>
    </ClCompile>
    <ClCompile Include="..\Master.cpp">
      <Filter>Source Files</Filter>
    </ClCompile>
    <ClCompile Include="..\MasterGrid.cpp">
      <Filter>Source Files</Filter>
    </ClCompile>
    <ClCompile Include="..\MasterGridJump.cpp">
      <Filter>Source Files</Filter>
    </ClCompile>
    <ClCompile Include="..\MasterGridSomaDendrite.cpp">
      <Filter>Source Files</Filter>
    </ClCompile>
    <ClCompile Include="..\MasterOdeint.cpp">
      <Filter>Source Files</Filter>
    </ClCompile>
    <ClCompile Include="..\MasterOMP.cpp">
      <Filter>Source Files</Filter>
    </ClCompile>
    <ClCompile Include="..\Mesh.cpp">
      <Filter>Source Files</Filter>
    </ClCompile>
    <ClCompile Include="..\MeshTree.cpp">
      <Filter>Source Files</Filter>
    </ClCompile>
    <ClCompile Include="..\Ode2DSystem.cpp">
      <Filter>Source Files</Filter>
    </ClCompile>
    <ClCompile Include="..\Ode2DSystemGroup.cpp">
      <Filter>Source Files</Filter>
    </ClCompile>
    <ClCompile Include="..\PolyGenerator.cpp">
      <Filter>Source Files</Filter>
    </ClCompile>
    <ClCompile Include="..\pugixml.cpp">
      <Filter>Source Files</Filter>
    </ClCompile>
    <ClCompile Include="..\QuadGenerator.cpp">
      <Filter>Source Files</Filter>
    </ClCompile>
    <ClCompile Include="..\Quadrilateral.cpp">
      <Filter>Source Files</Filter>
    </ClCompile>
    <ClCompile Include="..\Redistribution.cpp">
      <Filter>Source Files</Filter>
    </ClCompile>
    <ClCompile Include="..\Stat.cpp">
      <Filter>Source Files</Filter>
    </ClCompile>
    <ClCompile Include="..\TransitionMatrix.cpp">
      <Filter>Source Files</Filter>
    </ClCompile>
    <ClCompile Include="..\TransitionMatrixGenerator.cpp">
      <Filter>Source Files</Filter>
    </ClCompile>
    <ClCompile Include="..\Triangle.cpp">
      <Filter>Source Files</Filter>
    </ClCompile>
    <ClCompile Include="..\TriangleGenerator.cpp">
      <Filter>Source Files</Filter>
    </ClCompile>
    <ClCompile Include="..\Uniform.cpp">
      <Filter>Source Files</Filter>
    </ClCompile>
  </ItemGroup>
  <ItemGroup>
    <Text Include="..\CMakeLists.txt" />
  </ItemGroup>
</Project>